{
    "_readme": [
        "This file locks the dependencies of your project to a known state",
        "Read more about it at https://getcomposer.org/doc/01-basic-usage.md#installing-dependencies",
        "This file is @generated automatically"
    ],
    "content-hash": "eef089255007a720ba831504e74c2645",
    "packages": [
        {
            "name": "halaxa/json-machine",
            "version": "0.8.0",
            "source": {
                "type": "git",
                "url": "https://github.com/halaxa/json-machine.git",
                "reference": "a7f1918ac10760ea10c7b276e8ddbf0841bd976a"
            },
            "dist": {
                "type": "zip",
                "url": "https://api.github.com/repos/halaxa/json-machine/zipball/a7f1918ac10760ea10c7b276e8ddbf0841bd976a",
                "reference": "a7f1918ac10760ea10c7b276e8ddbf0841bd976a",
                "shasum": ""
            },
            "require": {
                "php": ">=7.0"
            },
            "require-dev": {
                "ext-json": "*",
                "friendsofphp/php-cs-fixer": "^3.0",
                "phpunit/phpunit": "^8.0"
            },
            "suggest": {
                "ext-json": "To run JSON Machine out of the box without custom decoders.",
                "guzzlehttp/guzzle": "To run example with GuzzleHttp"
            },
            "type": "library",
            "autoload": {
                "psr-4": {
                    "JsonMachine\\": "src/"
                },
                "files": [
                    "src/functions.php"
                ]
            },
            "notification-url": "https://packagist.org/downloads/",
            "license": [
                "Apache-2.0"
            ],
            "authors": [
                {
                    "name": "Filip Halaxa",
                    "email": "filip@halaxa.cz"
                }
            ],
            "description": "Efficient, easy-to-use and fast JSON pull parser",
            "support": {
                "issues": "https://github.com/halaxa/json-machine/issues",
                "source": "https://github.com/halaxa/json-machine/tree/0.8.0"
            },
            "funding": [
                {
                    "url": "https://ko-fi.com/G2G57KTE4",
                    "type": "other"
                }
            ],
            "time": "2022-01-07T15:21:59+00:00"
        }
    ],
    "packages-dev": [],
    "aliases": [],
    "minimum-stability": "stable",
    "stability-flags": [],
    "prefer-stable": false,
    "prefer-lowest": false,
    "platform": [],
    "platform-dev": [],
    "plugin-api-version": "2.2.0"
}
